
Microsoft Visual Studio Solution File, Format Version 12.00
# Visual Studio Version 16
VisualStudioVersion = 16.0.31410.357
MinimumVisualStudioVersion = 10.0.40219.1
Project("{8BC9CEB8-8B4A-11D0-8D11-00A0C91BC942}") = "exc 141 OOP inheritance exc 2", "exc 141 OOP inheritance exc 2\exc 141 OOP inheritance exc 2.vcxproj", "{6FD1DB12-8DE8-4B1C-884D-1F33A513EA69}"
EndProject
Global
	GlobalSection(SolutionConfigurationPlatforms) = preSolution
		Debug|x64 = Debug|x64
		Debug|x86 = Debug|x86
		Release|x64 = Release|x64
		Release|x86 = Release|x86
	EndGlobalSection
	GlobalSection(ProjectConfigurationPlatforms) = postSolution
		{6FD1DB12-8DE8-4B1C-884D-1F33A513EA69}.Debug|x64.ActiveCfg = Debug|x64
		{6FD1DB12-8DE8-4B1C-884D-1F33A513EA69}.Debug|x64.Build.0 = Debug|x64
		{6FD1DB12-8DE8-4B1C-884D-1F33A513EA69}.Debug|x86.ActiveCfg = Debug|Win32
		{6FD1DB12-8DE8-4B1C-884D-1F33A513EA69}.Debug|x86.Build.0 = Debug|Win32
		{6FD1DB12-8DE8-4B1C-884D-1F33A513EA69}.Release|x64.ActiveCfg = Release|x64
		{6FD1DB12-8DE8-4B1C-884D-1F33A513EA69}.Release|x64.Build.0 = Release|x64
		{6FD1DB12-8DE8-4B1C-884D-1F33A513EA69}.Release|x86.ActiveCfg = Release|Win32
		{6FD1DB12-8DE8-4B1C-884D-1F33A513EA69}.Release|x86.Build.0 = Release|Win32
	EndGlobalSection
	GlobalSection(SolutionProperties) = preSolution
		HideSolutionNode = FALSE
	EndGlobalSection
	GlobalSection(ExtensibilityGlobals) = postSolution
		SolutionGuid = {EAC569C6-F055-44EB-86CB-956E083915F5}
	EndGlobalSection
EndGlobal
