
Microsoft Visual Studio Solution File, Format Version 12.00
# Visual Studio Version 16
VisualStudioVersion = 16.0.31410.357
MinimumVisualStudioVersion = 10.0.40219.1
Project("{8BC9CEB8-8B4A-11D0-8D11-00A0C91BC942}") = "exc 84 stack (data structure)", "exc 84 stack (data structure)\exc 84 stack (data structure).vcxproj", "{89244C7A-92EF-4C78-AD34-39F3E38DC6CC}"
EndProject
Global
	GlobalSection(SolutionConfigurationPlatforms) = preSolution
		Debug|x64 = Debug|x64
		Debug|x86 = Debug|x86
		Release|x64 = Release|x64
		Release|x86 = Release|x86
	EndGlobalSection
	GlobalSection(ProjectConfigurationPlatforms) = postSolution
		{89244C7A-92EF-4C78-AD34-39F3E38DC6CC}.Debug|x64.ActiveCfg = Debug|x64
		{89244C7A-92EF-4C78-AD34-39F3E38DC6CC}.Debug|x64.Build.0 = Debug|x64
		{89244C7A-92EF-4C78-AD34-39F3E38DC6CC}.Debug|x86.ActiveCfg = Debug|Win32
		{89244C7A-92EF-4C78-AD34-39F3E38DC6CC}.Debug|x86.Build.0 = Debug|Win32
		{89244C7A-92EF-4C78-AD34-39F3E38DC6CC}.Release|x64.ActiveCfg = Release|x64
		{89244C7A-92EF-4C78-AD34-39F3E38DC6CC}.Release|x64.Build.0 = Release|x64
		{89244C7A-92EF-4C78-AD34-39F3E38DC6CC}.Release|x86.ActiveCfg = Release|Win32
		{89244C7A-92EF-4C78-AD34-39F3E38DC6CC}.Release|x86.Build.0 = Release|Win32
	EndGlobalSection
	GlobalSection(SolutionProperties) = preSolution
		HideSolutionNode = FALSE
	EndGlobalSection
	GlobalSection(ExtensibilityGlobals) = postSolution
		SolutionGuid = {0131D5BE-AB5A-4867-8BFE-7DB08063F835}
	EndGlobalSection
EndGlobal
