
Microsoft Visual Studio Solution File, Format Version 12.00
# Visual Studio Version 16
VisualStudioVersion = 16.0.31410.357
MinimumVisualStudioVersion = 10.0.40219.1
Project("{8BC9CEB8-8B4A-11D0-8D11-00A0C91BC942}") = "exc 73 revers number", "exc 73 revers number\exc 73 revers number.vcxproj", "{49DC13C2-2D67-4FFE-B6A5-FE8EAED27430}"
EndProject
Global
	GlobalSection(SolutionConfigurationPlatforms) = preSolution
		Debug|x64 = Debug|x64
		Debug|x86 = Debug|x86
		Release|x64 = Release|x64
		Release|x86 = Release|x86
	EndGlobalSection
	GlobalSection(ProjectConfigurationPlatforms) = postSolution
		{49DC13C2-2D67-4FFE-B6A5-FE8EAED27430}.Debug|x64.ActiveCfg = Debug|x64
		{49DC13C2-2D67-4FFE-B6A5-FE8EAED27430}.Debug|x64.Build.0 = Debug|x64
		{49DC13C2-2D67-4FFE-B6A5-FE8EAED27430}.Debug|x86.ActiveCfg = Debug|Win32
		{49DC13C2-2D67-4FFE-B6A5-FE8EAED27430}.Debug|x86.Build.0 = Debug|Win32
		{49DC13C2-2D67-4FFE-B6A5-FE8EAED27430}.Release|x64.ActiveCfg = Release|x64
		{49DC13C2-2D67-4FFE-B6A5-FE8EAED27430}.Release|x64.Build.0 = Release|x64
		{49DC13C2-2D67-4FFE-B6A5-FE8EAED27430}.Release|x86.ActiveCfg = Release|Win32
		{49DC13C2-2D67-4FFE-B6A5-FE8EAED27430}.Release|x86.Build.0 = Release|Win32
	EndGlobalSection
	GlobalSection(SolutionProperties) = preSolution
		HideSolutionNode = FALSE
	EndGlobalSection
	GlobalSection(ExtensibilityGlobals) = postSolution
		SolutionGuid = {CB7F49C8-7594-446A-B4F6-779B4BD67324}
	EndGlobalSection
EndGlobal
