
Microsoft Visual Studio Solution File, Format Version 12.00
# Visual Studio Version 16
VisualStudioVersion = 16.0.31410.357
MinimumVisualStudioVersion = 10.0.40219.1
Project("{8BC9CEB8-8B4A-11D0-8D11-00A0C91BC942}") = "exc 124 Check if a binary tree is symmetric or not", "exc 124 Check if a binary tree is symmetric or not\exc 124 Check if a binary tree is symmetric or not.vcxproj", "{78575720-2670-4069-AD92-D1605FE30632}"
EndProject
Global
	GlobalSection(SolutionConfigurationPlatforms) = preSolution
		Debug|x64 = Debug|x64
		Debug|x86 = Debug|x86
		Release|x64 = Release|x64
		Release|x86 = Release|x86
	EndGlobalSection
	GlobalSection(ProjectConfigurationPlatforms) = postSolution
		{78575720-2670-4069-AD92-D1605FE30632}.Debug|x64.ActiveCfg = Debug|x64
		{78575720-2670-4069-AD92-D1605FE30632}.Debug|x64.Build.0 = Debug|x64
		{78575720-2670-4069-AD92-D1605FE30632}.Debug|x86.ActiveCfg = Debug|Win32
		{78575720-2670-4069-AD92-D1605FE30632}.Debug|x86.Build.0 = Debug|Win32
		{78575720-2670-4069-AD92-D1605FE30632}.Release|x64.ActiveCfg = Release|x64
		{78575720-2670-4069-AD92-D1605FE30632}.Release|x64.Build.0 = Release|x64
		{78575720-2670-4069-AD92-D1605FE30632}.Release|x86.ActiveCfg = Release|Win32
		{78575720-2670-4069-AD92-D1605FE30632}.Release|x86.Build.0 = Release|Win32
	EndGlobalSection
	GlobalSection(SolutionProperties) = preSolution
		HideSolutionNode = FALSE
	EndGlobalSection
	GlobalSection(ExtensibilityGlobals) = postSolution
		SolutionGuid = {494F3085-F159-44BE-9FC6-A8516404AACE}
	EndGlobalSection
EndGlobal
