
Microsoft Visual Studio Solution File, Format Version 12.00
# Visual Studio Version 16
VisualStudioVersion = 16.0.31410.357
MinimumVisualStudioVersion = 10.0.40219.1
Project("{8BC9CEB8-8B4A-11D0-8D11-00A0C91BC942}") = "exc 21 calculate X", "exc 21 calculate X\exc 21 calculate X.vcxproj", "{FFCCA852-BBA2-43B2-B410-D87F2A957932}"
EndProject
Global
	GlobalSection(SolutionConfigurationPlatforms) = preSolution
		Debug|x64 = Debug|x64
		Debug|x86 = Debug|x86
		Release|x64 = Release|x64
		Release|x86 = Release|x86
	EndGlobalSection
	GlobalSection(ProjectConfigurationPlatforms) = postSolution
		{FFCCA852-BBA2-43B2-B410-D87F2A957932}.Debug|x64.ActiveCfg = Debug|x64
		{FFCCA852-BBA2-43B2-B410-D87F2A957932}.Debug|x64.Build.0 = Debug|x64
		{FFCCA852-BBA2-43B2-B410-D87F2A957932}.Debug|x86.ActiveCfg = Debug|Win32
		{FFCCA852-BBA2-43B2-B410-D87F2A957932}.Debug|x86.Build.0 = Debug|Win32
		{FFCCA852-BBA2-43B2-B410-D87F2A957932}.Release|x64.ActiveCfg = Release|x64
		{FFCCA852-BBA2-43B2-B410-D87F2A957932}.Release|x64.Build.0 = Release|x64
		{FFCCA852-BBA2-43B2-B410-D87F2A957932}.Release|x86.ActiveCfg = Release|Win32
		{FFCCA852-BBA2-43B2-B410-D87F2A957932}.Release|x86.Build.0 = Release|Win32
	EndGlobalSection
	GlobalSection(SolutionProperties) = preSolution
		HideSolutionNode = FALSE
	EndGlobalSection
	GlobalSection(ExtensibilityGlobals) = postSolution
		SolutionGuid = {D7979D79-EDD5-4734-AECD-39BC92AC6147}
	EndGlobalSection
EndGlobal
